
Microsoft Visual Studio Solution File, Format Version 12.00
# Visual Studio 15
VisualStudioVersion = 15.0.27703.2026
MinimumVisualStudioVersion = 10.0.40219.1
Project("{FAE04EC0-301F-11D3-BF4B-00C04F79EFBC}") = "SmartParkingSystem", "SmartParkingSystem\SmartParkingSystem.csproj", "{BD6F3224-43E5-4231-B170-5322A2CD2358}"
EndProject
Project("{FAE04EC0-301F-11D3-BF4B-00C04F79EFBC}") = "SmartParkingSystem.Tests", "SmartParkingSystem.Tests\SmartParkingSystem.Tests.csproj", "{D36D4D09-71FD-4E78-98CF-0B8391C53A37}"
EndProject
Global
	GlobalSection(SolutionConfigurationPlatforms) = preSolution
		Debug|Any CPU = Debug|Any CPU
		Release|Any CPU = Release|Any CPU
	EndGlobalSection
	GlobalSection(ProjectConfigurationPlatforms) = postSolution
		{BD6F3224-43E5-4231-B170-5322A2CD2358}.Debug|Any CPU.ActiveCfg = Debug|Any CPU
		{BD6F3224-43E5-4231-B170-5322A2CD2358}.Debug|Any CPU.Build.0 = Debug|Any CPU
		{BD6F3224-43E5-4231-B170-5322A2CD2358}.Release|Any CPU.ActiveCfg = Release|Any CPU
		{BD6F3224-43E5-4231-B170-5322A2CD2358}.Release|Any CPU.Build.0 = Release|Any CPU
		{D36D4D09-71FD-4E78-98CF-0B8391C53A37}.Debug|Any CPU.ActiveCfg = Debug|Any CPU
		{D36D4D09-71FD-4E78-98CF-0B8391C53A37}.Debug|Any CPU.Build.0 = Debug|Any CPU
		{D36D4D09-71FD-4E78-98CF-0B8391C53A37}.Release|Any CPU.ActiveCfg = Release|Any CPU
		{D36D4D09-71FD-4E78-98CF-0B8391C53A37}.Release|Any CPU.Build.0 = Release|Any CPU
	EndGlobalSection
	GlobalSection(SolutionProperties) = preSolution
		HideSolutionNode = FALSE
	EndGlobalSection
	GlobalSection(ExtensibilityGlobals) = postSolution
		SolutionGuid = {063F86FA-B409-45E1-93B6-BEB248227130}
	EndGlobalSection
EndGlobal
